// !$*UTF8*$!
{
	archiveVersion = 1;
	classes = {
	};
	objectVersion = 46;
	objects = {

/* Begin PBXBuildFile section */
		1D3623260D0F684500981E51 /* MapAppDelegate.m in Sources */ = {isa = PBXBuildFile; fileRef = 1D3623250D0F684500981E51 /* MapAppDelegate.m */; };
		1D60589B0D05DD56006BFB54 /* main.m in Sources */ = {isa = PBXBuildFile; fileRef = 29B97316FDCFA39411CA2CEA /* main.m */; };
		1D60589F0D05DD5A006BFB54 /* Foundation.framework in Frameworks */ = {isa = PBXBuildFile; fileRef = 1D30AB110D05D00D00671497 /* Foundation.framework */; };
		1DF5F4E00D08C38300B7A737 /* UIKit.framework in Frameworks */ = {isa = PBXBuildFile; fileRef = 1DF5F4DF0D08C38300B7A737 /* UIKit.framework */; };
		211C2F9A11F04BC20003F933 /* MyAnnotation.m in Sources */ = {isa = PBXBuildFile; fileRef = 211C2F9911F04BC20003F933 /* MyAnnotation.m */; };
		21314A6111EFFA8C00ECA308 /* MapViewController.m in Sources */ = {isa = PBXBuildFile; fileRef = 21314A6011EFFA8C00ECA308 /* MapViewController.m */; };
		21314A6811EFFBD100ECA308 /* MapKit.framework in Frameworks */ = {isa = PBXBuildFile; fileRef = 21314A6711EFFBD100ECA308 /* MapKit.framework */; };
		21314AF711F001F900ECA308 /* CoreLocation.framework in Frameworks */ = {isa = PBXBuildFile; fileRef = 21314AF611F001F900ECA308 /* CoreLocation.framework */; };
		288765FD0DF74451002DB57D /* CoreGraphics.framework in Frameworks */ = {isa = PBXBuildFile; fileRef = 288765FC0DF74451002DB57D /* CoreGraphics.framework */; };
		28AD733F0D9D9553002E5188 /* MainWindow.xib in Resources */ = {isa = PBXBuildFile; fileRef = 28AD733E0D9D9553002E5188 /* MainWindow.xib */; };
		A923A83A1451BBF000EC5198 /* Reachability.m in Sources */ = {isa = PBXBuildFile; fileRef = A923A8391451BBF000EC5198 /* Reachability.m */; };
		A923A83D1451C6CD00EC5198 /* SystemConfiguration.framework in Frameworks */ = {isa = PBXBuildFile; fileRef = A923A83C1451C6CD00EC5198 /* SystemConfiguration.framework */; };
		A9B52CE6145099A100F84479 /* StreetView.png in Resources */ = {isa = PBXBuildFile; fileRef = A9B52CE5145099A100F84479 /* StreetView.png */; };
		DD10B4FB1455351A00738471 /* SearchHotelQuery.m in Sources */ = {isa = PBXBuildFile; fileRef = DD10B4FA1455351A00738471 /* SearchHotelQuery.m */; };
		DD1A712F144FF0C400418718 /* bubble01.png in Resources */ = {isa = PBXBuildFile; fileRef = DD1A7119144FF0C300418718 /* bubble01.png */; };
		DD1A7130144FF0C400418718 /* bubble01@2x.png in Resources */ = {isa = PBXBuildFile; fileRef = DD1A711A144FF0C300418718 /* bubble01@2x.png */; };
		DD1A7131144FF0C400418718 /* bubble02.png in Resources */ = {isa = PBXBuildFile; fileRef = DD1A711B144FF0C300418718 /* bubble02.png */; };
		DD1A7132144FF0C400418718 /* bubble02@2x.png in Resources */ = {isa = PBXBuildFile; fileRef = DD1A711C144FF0C300418718 /* bubble02@2x.png */; };
		DD1A7133144FF0C400418718 /* bubble03.png in Resources */ = {isa = PBXBuildFile; fileRef = DD1A711D144FF0C300418718 /* bubble03.png */; };
		DD1A7134144FF0C400418718 /* bubble03@2x.png in Resources */ = {isa = PBXBuildFile; fileRef = DD1A711E144FF0C300418718 /* bubble03@2x.png */; };
		DD1A7135144FF0C400418718 /* bubble04.png in Resources */ = {isa = PBXBuildFile; fileRef = DD1A711F144FF0C300418718 /* bubble04.png */; };
		DD1A7136144FF0C400418718 /* bubble04@2x.png in Resources */ = {isa = PBXBuildFile; fileRef = DD1A7120144FF0C300418718 /* bubble04@2x.png */; };
		DD1A7137144FF0C400418718 /* bubble05.png in Resources */ = {isa = PBXBuildFile; fileRef = DD1A7121144FF0C300418718 /* bubble05.png */; };
		DD1A7138144FF0C400418718 /* bubble05@2x.png in Resources */ = {isa = PBXBuildFile; fileRef = DD1A7122144FF0C300418718 /* bubble05@2x.png */; };
		DD1A7139144FF0C400418718 /* bubble06.png in Resources */ = {isa = PBXBuildFile; fileRef = DD1A7123144FF0C300418718 /* bubble06.png */; };
		DD1A713A144FF0C400418718 /* bubble06@2x.png in Resources */ = {isa = PBXBuildFile; fileRef = DD1A7124144FF0C400418718 /* bubble06@2x.png */; };
		DD1A713B144FF0C400418718 /* bubble07.png in Resources */ = {isa = PBXBuildFile; fileRef = DD1A7125144FF0C400418718 /* bubble07.png */; };
		DD1A713C144FF0C400418718 /* bubble07@2x.png in Resources */ = {isa = PBXBuildFile; fileRef = DD1A7126144FF0C400418718 /* bubble07@2x.png */; };
		DD1A713D144FF0C400418718 /* bubble08.png in Resources */ = {isa = PBXBuildFile; fileRef = DD1A7127144FF0C400418718 /* bubble08.png */; };
		DD1A713E144FF0C400418718 /* bubble08@2x.png in Resources */ = {isa = PBXBuildFile; fileRef = DD1A7128144FF0C400418718 /* bubble08@2x.png */; };
		DD1A713F144FF0C400418718 /* bubble09.png in Resources */ = {isa = PBXBuildFile; fileRef = DD1A7129144FF0C400418718 /* bubble09.png */; };
		DD1A7140144FF0C400418718 /* bubble09@2x.png in Resources */ = {isa = PBXBuildFile; fileRef = DD1A712A144FF0C400418718 /* bubble09@2x.png */; };
		DD1A7141144FF0C400418718 /* bubble10.png in Resources */ = {isa = PBXBuildFile; fileRef = DD1A712B144FF0C400418718 /* bubble10.png */; };
		DD1A7142144FF0C400418718 /* bubble10@2x.png in Resources */ = {isa = PBXBuildFile; fileRef = DD1A712C144FF0C400418718 /* bubble10@2x.png */; };
		DD1A7143144FF0C400418718 /* bubble11.png in Resources */ = {isa = PBXBuildFile; fileRef = DD1A712D144FF0C400418718 /* bubble11.png */; };
		DD1A7144144FF0C400418718 /* bubble11@2x.png in Resources */ = {isa = PBXBuildFile; fileRef = DD1A712E144FF0C400418718 /* bubble11@2x.png */; };
		DD1A715714501AC800418718 /* StreetView.m in Sources */ = {isa = PBXBuildFile; fileRef = DD1A715614501AC800418718 /* StreetView.m */; };
		DD72E1EE144BC247000F0AD3 /* OKHotel.xcdatamodeld in Sources */ = {isa = PBXBuildFile; fileRef = DD72E1EC144BC247000F0AD3 /* OKHotel.xcdatamodeld */; };
		DD72E1F3144BC447000F0AD3 /* MADataStore.m in Sources */ = {isa = PBXBuildFile; fileRef = DD72E1F2144BC447000F0AD3 /* MADataStore.m */; };
		DD72E1F5144BC73A000F0AD3 /* CoreData.framework in Frameworks */ = {isa = PBXBuildFile; fileRef = DD72E1F4144BC73A000F0AD3 /* CoreData.framework */; };
		DD7514FE144E832000F39767 /* CombineImages.m in Sources */ = {isa = PBXBuildFile; fileRef = DD7514FD144E832000F39767 /* CombineImages.m */; };
		DD8D7A5E144BC8CD00E691E2 /* OKHotel.db in Resources */ = {isa = PBXBuildFile; fileRef = DD8D7A5D144BC8CD00E691E2 /* OKHotel.db */; };
		DD8D7A61144BC98900E691E2 /* libsqlite3.dylib in Frameworks */ = {isa = PBXBuildFile; fileRef = DD8D7A60144BC98900E691E2 /* libsqlite3.dylib */; };
		DD8D7A64144BCFFC00E691E2 /* Hotel.m in Sources */ = {isa = PBXBuildFile; fileRef = DD8D7A63144BCFFC00E691E2 /* Hotel.m */; };
		DDC78EB01447EE4B00DA9B60 /* MapDefines.m in Sources */ = {isa = PBXBuildFile; fileRef = DDC78EAF1447EE4B00DA9B60 /* MapDefines.m */; };
		DDFE27E51450FFFF001BA208 /* WB.jpeg in Resources */ = {isa = PBXBuildFile; fileRef = DDFE27E41450FFFF001BA208 /* WB.jpeg */; };
/* End PBXBuildFile section */

/* Begin PBXFileReference section */
		1D30AB110D05D00D00671497 /* Foundation.framework */ = {isa = PBXFileReference; lastKnownFileType = wrapper.framework; name = Foundation.framework; path = System/Library/Frameworks/Foundation.framework; sourceTree = SDKROOT; };
		1D3623240D0F684500981E51 /* MapAppDelegate.h */ = {isa = PBXFileReference; fileEncoding = 4; lastKnownFileType = sourcecode.c.h; path = MapAppDelegate.h; sourceTree = "<group>"; };
		1D3623250D0F684500981E51 /* MapAppDelegate.m */ = {isa = PBXFileReference; fileEncoding = 4; lastKnownFileType = sourcecode.c.objc; path = MapAppDelegate.m; sourceTree = "<group>"; };
		1D6058910D05DD3D006BFB54 /* Map.app */ = {isa = PBXFileReference; explicitFileType = wrapper.application; includeInIndex = 0; path = Map.app; sourceTree = BUILT_PRODUCTS_DIR; };
		1DF5F4DF0D08C38300B7A737 /* UIKit.framework */ = {isa = PBXFileReference; lastKnownFileType = wrapper.framework; name = UIKit.framework; path = System/Library/Frameworks/UIKit.framework; sourceTree = SDKROOT; };
		211C2F9811F04BC20003F933 /* MyAnnotation.h */ = {isa = PBXFileReference; fileEncoding = 4; lastKnownFileType = sourcecode.c.h; path = MyAnnotation.h; sourceTree = "<group>"; };
		211C2F9911F04BC20003F933 /* MyAnnotation.m */ = {isa = PBXFileReference; fileEncoding = 4; lastKnownFileType = sourcecode.c.objc; path = MyAnnotation.m; sourceTree = "<group>"; };
		21314A5F11EFFA8C00ECA308 /* MapViewController.h */ = {isa = PBXFileReference; fileEncoding = 4; lastKnownFileType = sourcecode.c.h; path = MapViewController.h; sourceTree = "<group>"; };
		21314A6011EFFA8C00ECA308 /* MapViewController.m */ = {isa = PBXFileReference; fileEncoding = 4; lastKnownFileType = sourcecode.c.objc; path = MapViewController.m; sourceTree = "<group>"; };
		21314A6711EFFBD100ECA308 /* MapKit.framework */ = {isa = PBXFileReference; lastKnownFileType = wrapper.framework; name = MapKit.framework; path = System/Library/Frameworks/MapKit.framework; sourceTree = SDKROOT; };
		21314AF611F001F900ECA308 /* CoreLocation.framework */ = {isa = PBXFileReference; lastKnownFileType = wrapper.framework; name = CoreLocation.framework; path = System/Library/Frameworks/CoreLocation.framework; sourceTree = SDKROOT; };
		288765FC0DF74451002DB57D /* CoreGraphics.framework */ = {isa = PBXFileReference; lastKnownFileType = wrapper.framework; name = CoreGraphics.framework; path = System/Library/Frameworks/CoreGraphics.framework; sourceTree = SDKROOT; };
		28AD733E0D9D9553002E5188 /* MainWindow.xib */ = {isa = PBXFileReference; lastKnownFileType = file.xib; path = MainWindow.xib; sourceTree = "<group>"; };
		29B97316FDCFA39411CA2CEA /* main.m */ = {isa = PBXFileReference; fileEncoding = 4; lastKnownFileType = sourcecode.c.objc; path = main.m; sourceTree = "<group>"; };
		32CA4F630368D1EE00C91783 /* Map_Prefix.pch */ = {isa = PBXFileReference; fileEncoding = 4; lastKnownFileType = sourcecode.c.h; path = Map_Prefix.pch; sourceTree = "<group>"; };
		8D1107310486CEB800E47090 /* Map-Info.plist */ = {isa = PBXFileReference; fileEncoding = 4; lastKnownFileType = text.plist.xml; path = "Map-Info.plist"; plistStructureDefinitionIdentifier = "com.apple.xcode.plist.structure-definition.iphone.info-plist"; sourceTree = "<group>"; };
		A923A8381451BBF000EC5198 /* Reachability.h */ = {isa = PBXFileReference; fileEncoding = 4; lastKnownFileType = sourcecode.c.h; path = Reachability.h; sourceTree = "<group>"; };
		A923A8391451BBF000EC5198 /* Reachability.m */ = {isa = PBXFileReference; fileEncoding = 4; lastKnownFileType = sourcecode.c.objc; path = Reachability.m; sourceTree = "<group>"; };
		A923A83C1451C6CD00EC5198 /* SystemConfiguration.framework */ = {isa = PBXFileReference; lastKnownFileType = wrapper.framework; name = SystemConfiguration.framework; path = System/Library/Frameworks/SystemConfiguration.framework; sourceTree = SDKROOT; };
		A9B52CE5145099A100F84479 /* StreetView.png */ = {isa = PBXFileReference; lastKnownFileType = image.png; path = StreetView.png; sourceTree = "<group>"; };
		DD10B4F91455351A00738471 /* SearchHotelQuery.h */ = {isa = PBXFileReference; fileEncoding = 4; lastKnownFileType = sourcecode.c.h; path = SearchHotelQuery.h; sourceTree = "<group>"; };
		DD10B4FA1455351A00738471 /* SearchHotelQuery.m */ = {isa = PBXFileReference; fileEncoding = 4; lastKnownFileType = sourcecode.c.objc; path = SearchHotelQuery.m; sourceTree = "<group>"; };
		DD1A7119144FF0C300418718 /* bubble01.png */ = {isa = PBXFileReference; lastKnownFileType = image.png; path = bubble01.png; sourceTree = "<group>"; };
		DD1A711A144FF0C300418718 /* bubble01@2x.png */ = {isa = PBXFileReference; lastKnownFileType = image.png; path = "bubble01@2x.png"; sourceTree = "<group>"; };
		DD1A711B144FF0C300418718 /* bubble02.png */ = {isa = PBXFileReference; lastKnownFileType = image.png; path = bubble02.png; sourceTree = "<group>"; };
		DD1A711C144FF0C300418718 /* bubble02@2x.png */ = {isa = PBXFileReference; lastKnownFileType = image.png; path = "bubble02@2x.png"; sourceTree = "<group>"; };
		DD1A711D144FF0C300418718 /* bubble03.png */ = {isa = PBXFileReference; lastKnownFileType = image.png; path = bubble03.png; sourceTree = "<group>"; };
		DD1A711E144FF0C300418718 /* bubble03@2x.png */ = {isa = PBXFileReference; lastKnownFileType = image.png; path = "bubble03@2x.png"; sourceTree = "<group>"; };
		DD1A711F144FF0C300418718 /* bubble04.png */ = {isa = PBXFileReference; lastKnownFileType = image.png; path = bubble04.png; sourceTree = "<group>"; };
		DD1A7120144FF0C300418718 /* bubble04@2x.png */ = {isa = PBXFileReference; lastKnownFileType = image.png; path = "bubble04@2x.png"; sourceTree = "<group>"; };
		DD1A7121144FF0C300418718 /* bubble05.png */ = {isa = PBXFileReference; lastKnownFileType = image.png; path = bubble05.png; sourceTree = "<group>"; };
		DD1A7122144FF0C300418718 /* bubble05@2x.png */ = {isa = PBXFileReference; lastKnownFileType = image.png; path = "bubble05@2x.png"; sourceTree = "<group>"; };
		DD1A7123144FF0C300418718 /* bubble06.png */ = {isa = PBXFileReference; lastKnownFileType = image.png; path = bubble06.png; sourceTree = "<group>"; };
		DD1A7124144FF0C400418718 /* bubble06@2x.png */ = {isa = PBXFileReference; lastKnownFileType = image.png; path = "bubble06@2x.png"; sourceTree = "<group>"; };
		DD1A7125144FF0C400418718 /* bubble07.png */ = {isa = PBXFileReference; lastKnownFileType = image.png; path = bubble07.png; sourceTree = "<group>"; };
		DD1A7126144FF0C400418718 /* bubble07@2x.png */ = {isa = PBXFileReference; lastKnownFileType = image.png; path = "bubble07@2x.png"; sourceTree = "<group>"; };
		DD1A7127144FF0C400418718 /* bubble08.png */ = {isa = PBXFileReference; lastKnownFileType = image.png; path = bubble08.png; sourceTree = "<group>"; };
		DD1A7128144FF0C400418718 /* bubble08@2x.png */ = {isa = PBXFileReference; lastKnownFileType = image.png; path = "bubble08@2x.png"; sourceTree = "<group>"; };
		DD1A7129144FF0C400418718 /* bubble09.png */ = {isa = PBXFileReference; lastKnownFileType = image.png; path = bubble09.png; sourceTree = "<group>"; };
		DD1A712A144FF0C400418718 /* bubble09@2x.png */ = {isa = PBXFileReference; lastKnownFileType = image.png; path = "bubble09@2x.png"; sourceTree = "<group>"; };
		DD1A712B144FF0C400418718 /* bubble10.png */ = {isa = PBXFileReference; lastKnownFileType = image.png; path = bubble10.png; sourceTree = "<group>"; };
		DD1A712C144FF0C400418718 /* bubble10@2x.png */ = {isa = PBXFileReference; lastKnownFileType = image.png; path = "bubble10@2x.png"; sourceTree = "<group>"; };
		DD1A712D144FF0C400418718 /* bubble11.png */ = {isa = PBXFileReference; lastKnownFileType = image.png; path = bubble11.png; sourceTree = "<group>"; };
		DD1A712E144FF0C400418718 /* bubble11@2x.png */ = {isa = PBXFileReference; lastKnownFileType = image.png; path = "bubble11@2x.png"; sourceTree = "<group>"; };
		DD1A715514501AC800418718 /* StreetView.h */ = {isa = PBXFileReference; fileEncoding = 4; lastKnownFileType = sourcecode.c.h; name = StreetView.h; path = ../../../Project/Map/Classes/StreetView.h; sourceTree = "<group>"; };
		DD1A715614501AC800418718 /* StreetView.m */ = {isa = PBXFileReference; fileEncoding = 4; lastKnownFileType = sourcecode.c.objc; name = StreetView.m; path = ../../../Project/Map/Classes/StreetView.m; sourceTree = "<group>"; };
		DD1A9A1E144D105100CB6ACE /* OKHotel 3.xcdatamodel */ = {isa = PBXFileReference; lastKnownFileType = wrapper.xcdatamodel; path = "OKHotel 3.xcdatamodel"; sourceTree = "<group>"; };
		DD72E1ED144BC247000F0AD3 /* OKHotel.xcdatamodel */ = {isa = PBXFileReference; lastKnownFileType = wrapper.xcdatamodel; path = OKHotel.xcdatamodel; sourceTree = "<group>"; };
		DD72E1F0144BC415000F0AD3 /* OKHotel 2.xcdatamodel */ = {isa = PBXFileReference; lastKnownFileType = wrapper.xcdatamodel; path = "OKHotel 2.xcdatamodel"; sourceTree = "<group>"; };
		DD72E1F1144BC447000F0AD3 /* MADataStore.h */ = {isa = PBXFileReference; fileEncoding = 4; lastKnownFileType = sourcecode.c.h; path = MADataStore.h; sourceTree = "<group>"; };
		DD72E1F2144BC447000F0AD3 /* MADataStore.m */ = {isa = PBXFileReference; fileEncoding = 4; lastKnownFileType = sourcecode.c.objc; path = MADataStore.m; sourceTree = "<group>"; };
		DD72E1F4144BC73A000F0AD3 /* CoreData.framework */ = {isa = PBXFileReference; lastKnownFileType = wrapper.framework; name = CoreData.framework; path = System/Library/Frameworks/CoreData.framework; sourceTree = SDKROOT; };
		DD7514F6144E5B0400F39767 /* OKHotel 4.xcdatamodel */ = {isa = PBXFileReference; lastKnownFileType = wrapper.xcdatamodel; path = "OKHotel 4.xcdatamodel"; sourceTree = "<group>"; };
		DD7514FC144E832000F39767 /* CombineImages.h */ = {isa = PBXFileReference; fileEncoding = 4; lastKnownFileType = sourcecode.c.h; path = CombineImages.h; sourceTree = "<group>"; };
		DD7514FD144E832000F39767 /* CombineImages.m */ = {isa = PBXFileReference; fileEncoding = 4; lastKnownFileType = sourcecode.c.objc; path = CombineImages.m; sourceTree = "<group>"; };
		DD8D7A5D144BC8CD00E691E2 /* OKHotel.db */ = {isa = PBXFileReference; lastKnownFileType = file; name = OKHotel.db; path = Resources/OKHotel.db; sourceTree = "<group>"; };
		DD8D7A60144BC98900E691E2 /* libsqlite3.dylib */ = {isa = PBXFileReference; lastKnownFileType = "compiled.mach-o.dylib"; name = libsqlite3.dylib; path = usr/lib/libsqlite3.dylib; sourceTree = SDKROOT; };
		DD8D7A62144BCFFC00E691E2 /* Hotel.h */ = {isa = PBXFileReference; fileEncoding = 4; lastKnownFileType = sourcecode.c.h; path = Hotel.h; sourceTree = "<group>"; };
		DD8D7A63144BCFFC00E691E2 /* Hotel.m */ = {isa = PBXFileReference; fileEncoding = 4; lastKnownFileType = sourcecode.c.objc; path = Hotel.m; sourceTree = "<group>"; };
		DDC78EAE1447EE4B00DA9B60 /* MapDefines.h */ = {isa = PBXFileReference; fileEncoding = 4; lastKnownFileType = sourcecode.c.h; name = MapDefines.h; path = ../../../Project/Map/Classes/MapDefines.h; sourceTree = "<group>"; };
		DDC78EAF1447EE4B00DA9B60 /* MapDefines.m */ = {isa = PBXFileReference; fileEncoding = 4; lastKnownFileType = sourcecode.c.objc; name = MapDefines.m; path = ../../../Project/Map/Classes/MapDefines.m; sourceTree = "<group>"; };
		DDFE27E41450FFFF001BA208 /* WB.jpeg */ = {isa = PBXFileReference; lastKnownFileType = image.jpeg; path = WB.jpeg; sourceTree = "<group>"; };
/* End PBXFileReference section */

/* Begin PBXFrameworksBuildPhase section */
		1D60588F0D05DD3D006BFB54 /* Frameworks */ = {
			isa = PBXFrameworksBuildPhase;
			buildActionMask = 2147483647;
			files = (
				DD8D7A61144BC98900E691E2 /* libsqlite3.dylib in Frameworks */,
				A923A83D1451C6CD00EC5198 /* SystemConfiguration.framework in Frameworks */,
				DD72E1F5144BC73A000F0AD3 /* CoreData.framework in Frameworks */,
				1D60589F0D05DD5A006BFB54 /* Foundation.framework in Frameworks */,
				1DF5F4E00D08C38300B7A737 /* UIKit.framework in Frameworks */,
				288765FD0DF74451002DB57D /* CoreGraphics.framework in Frameworks */,
				21314A6811EFFBD100ECA308 /* MapKit.framework in Frameworks */,
				21314AF711F001F900ECA308 /* CoreLocation.framework in Frameworks */,
			);
			runOnlyForDeploymentPostprocessing = 0;
		};
/* End PBXFrameworksBuildPhase section */

/* Begin PBXGroup section */
		080E96DDFE201D6D7F000001 /* Classes */ = {
			isa = PBXGroup;
			children = (
				DD8D7A62144BCFFC00E691E2 /* Hotel.h */,
				DD8D7A63144BCFFC00E691E2 /* Hotel.m */,
				A923A8381451BBF000EC5198 /* Reachability.h */,
				A923A8391451BBF000EC5198 /* Reachability.m */,
				DDC78EAE1447EE4B00DA9B60 /* MapDefines.h */,
				DDC78EAF1447EE4B00DA9B60 /* MapDefines.m */,
				1D3623240D0F684500981E51 /* MapAppDelegate.h */,
				1D3623250D0F684500981E51 /* MapAppDelegate.m */,
				DD72E1F1144BC447000F0AD3 /* MADataStore.h */,
				DD72E1F2144BC447000F0AD3 /* MADataStore.m */,
				DD7514FC144E832000F39767 /* CombineImages.h */,
				DD7514FD144E832000F39767 /* CombineImages.m */,
				21314A5F11EFFA8C00ECA308 /* MapViewController.h */,
				21314A6011EFFA8C00ECA308 /* MapViewController.m */,
				211C2F9811F04BC20003F933 /* MyAnnotation.h */,
				211C2F9911F04BC20003F933 /* MyAnnotation.m */,
				DD1A715514501AC800418718 /* StreetView.h */,
				DD1A715614501AC800418718 /* StreetView.m */,
				DD10B4F91455351A00738471 /* SearchHotelQuery.h */,
				DD10B4FA1455351A00738471 /* SearchHotelQuery.m */,
			);
			path = Classes;
			sourceTree = "<group>";
		};
		19C28FACFE9D520D11CA2CBB /* Products */ = {
			isa = PBXGroup;
			children = (
				1D6058910D05DD3D006BFB54 /* Map.app */,
			);
			name = Products;
			sourceTree = "<group>";
		};
		29B97314FDCFA39411CA2CEA /* CustomTemplate */ = {
			isa = PBXGroup;
			children = (
				080E96DDFE201D6D7F000001 /* Classes */,
				29B97315FDCFA39411CA2CEA /* Other Sources */,
				29B97317FDCFA39411CA2CEA /* Resources */,
				29B97323FDCFA39411CA2CEA /* Frameworks */,
				19C28FACFE9D520D11CA2CBB /* Products */,
			);
			name = CustomTemplate;
			sourceTree = "<group>";
		};
		29B97315FDCFA39411CA2CEA /* Other Sources */ = {
			isa = PBXGroup;
			children = (
				32CA4F630368D1EE00C91783 /* Map_Prefix.pch */,
				29B97316FDCFA39411CA2CEA /* main.m */,
			);
			name = "Other Sources";
			sourceTree = "<group>";
		};
		29B97317FDCFA39411CA2CEA /* Resources */ = {
			isa = PBXGroup;
			children = (
				A923A83E1451C80A00EC5198 /* Images */,
				DD8D7A60144BC98900E691E2 /* libsqlite3.dylib */,
				DD8D7A5D144BC8CD00E691E2 /* OKHotel.db */,
				DD72E1EC144BC247000F0AD3 /* OKHotel.xcdatamodeld */,
				28AD733E0D9D9553002E5188 /* MainWindow.xib */,
				8D1107310486CEB800E47090 /* Map-Info.plist */,
			);
			name = Resources;
			sourceTree = "<group>";
		};
		29B97323FDCFA39411CA2CEA /* Frameworks */ = {
			isa = PBXGroup;
			children = (
				A923A83C1451C6CD00EC5198 /* SystemConfiguration.framework */,
				1DF5F4DF0D08C38300B7A737 /* UIKit.framework */,
				DD72E1F4144BC73A000F0AD3 /* CoreData.framework */,
				1D30AB110D05D00D00671497 /* Foundation.framework */,
				288765FC0DF74451002DB57D /* CoreGraphics.framework */,
				21314A6711EFFBD100ECA308 /* MapKit.framework */,
				21314AF611F001F900ECA308 /* CoreLocation.framework */,
			);
			name = Frameworks;
			sourceTree = "<group>";
		};
		A923A83E1451C80A00EC5198 /* Images */ = {
			isa = PBXGroup;
			children = (
				DDFE27E41450FFFF001BA208 /* WB.jpeg */,
				DD1A7119144FF0C300418718 /* bubble01.png */,
				A9B52CE5145099A100F84479 /* StreetView.png */,
				DD1A711A144FF0C300418718 /* bubble01@2x.png */,
				DD1A711B144FF0C300418718 /* bubble02.png */,
				DD1A711C144FF0C300418718 /* bubble02@2x.png */,
				DD1A711D144FF0C300418718 /* bubble03.png */,
				DD1A711E144FF0C300418718 /* bubble03@2x.png */,
				DD1A711F144FF0C300418718 /* bubble04.png */,
				DD1A7120144FF0C300418718 /* bubble04@2x.png */,
				DD1A7121144FF0C300418718 /* bubble05.png */,
				DD1A7122144FF0C300418718 /* bubble05@2x.png */,
				DD1A7123144FF0C300418718 /* bubble06.png */,
				DD1A7124144FF0C400418718 /* bubble06@2x.png */,
				DD1A7125144FF0C400418718 /* bubble07.png */,
				DD1A7126144FF0C400418718 /* bubble07@2x.png */,
				DD1A7127144FF0C400418718 /* bubble08.png */,
				DD1A7128144FF0C400418718 /* bubble08@2x.png */,
				DD1A7129144FF0C400418718 /* bubble09.png */,
				DD1A712A144FF0C400418718 /* bubble09@2x.png */,
				DD1A712B144FF0C400418718 /* bubble10.png */,
				DD1A712C144FF0C400418718 /* bubble10@2x.png */,
				DD1A712D144FF0C400418718 /* bubble11.png */,
				DD1A712E144FF0C400418718 /* bubble11@2x.png */,
			);
			name = Images;
			sourceTree = "<group>";
		};
/* End PBXGroup section */

/* Begin PBXNativeTarget section */
		1D6058900D05DD3D006BFB54 /* Map */ = {
			isa = PBXNativeTarget;
			buildConfigurationList = 1D6058960D05DD3E006BFB54 /* Build configuration list for PBXNativeTarget "Map" */;
			buildPhases = (
				1D60588D0D05DD3D006BFB54 /* Resources */,
				1D60588E0D05DD3D006BFB54 /* Sources */,
				1D60588F0D05DD3D006BFB54 /* Frameworks */,
			);
			buildRules = (
			);
			dependencies = (
			);
			name = Map;
			productName = Map;
			productReference = 1D6058910D05DD3D006BFB54 /* Map.app */;
			productType = "com.apple.product-type.application";
		};
/* End PBXNativeTarget section */

/* Begin PBXProject section */
		29B97313FDCFA39411CA2CEA /* Project object */ = {
			isa = PBXProject;
			attributes = {
				LastUpgradeCheck = 0420;
			};
			buildConfigurationList = C01FCF4E08A954540054247B /* Build configuration list for PBXProject "Map" */;
			compatibilityVersion = "Xcode 3.2";
			developmentRegion = English;
			hasScannedForEncodings = 1;
			knownRegions = (
				en,
			);
			mainGroup = 29B97314FDCFA39411CA2CEA /* CustomTemplate */;
			projectDirPath = "";
			projectRoot = "";
			targets = (
				1D6058900D05DD3D006BFB54 /* Map */,
			);
		};
/* End PBXProject section */

/* Begin PBXResourcesBuildPhase section */
		1D60588D0D05DD3D006BFB54 /* Resources */ = {
			isa = PBXResourcesBuildPhase;
			buildActionMask = 2147483647;
			files = (
				28AD733F0D9D9553002E5188 /* MainWindow.xib in Resources */,
				DD8D7A5E144BC8CD00E691E2 /* OKHotel.db in Resources */,
				DD1A712F144FF0C400418718 /* bubble01.png in Resources */,
				DD1A7130144FF0C400418718 /* bubble01@2x.png in Resources */,
				DD1A7131144FF0C400418718 /* bubble02.png in Resources */,
				DD1A7132144FF0C400418718 /* bubble02@2x.png in Resources */,
				DD1A7133144FF0C400418718 /* bubble03.png in Resources */,
				DD1A7134144FF0C400418718 /* bubble03@2x.png in Resources */,
				DD1A7135144FF0C400418718 /* bubble04.png in Resources */,
				DD1A7136144FF0C400418718 /* bubble04@2x.png in Resources */,
				DD1A7137144FF0C400418718 /* bubble05.png in Resources */,
				DD1A7138144FF0C400418718 /* bubble05@2x.png in Resources */,
				DD1A7139144FF0C400418718 /* bubble06.png in Resources */,
				DD1A713A144FF0C400418718 /* bubble06@2x.png in Resources */,
				DD1A713B144FF0C400418718 /* bubble07.png in Resources */,
				DD1A713C144FF0C400418718 /* bubble07@2x.png in Resources */,
				DD1A713D144FF0C400418718 /* bubble08.png in Resources */,
				DD1A713E144FF0C400418718 /* bubble08@2x.png in Resources */,
				DD1A713F144FF0C400418718 /* bubble09.png in Resources */,
				DD1A7140144FF0C400418718 /* bubble09@2x.png in Resources */,
				DD1A7141144FF0C400418718 /* bubble10.png in Resources */,
				DD1A7142144FF0C400418718 /* bubble10@2x.png in Resources */,
				DD1A7143144FF0C400418718 /* bubble11.png in Resources */,
				DD1A7144144FF0C400418718 /* bubble11@2x.png in Resources */,
				A9B52CE6145099A100F84479 /* StreetView.png in Resources */,
				DDFE27E51450FFFF001BA208 /* WB.jpeg in Resources */,
			);
			runOnlyForDeploymentPostprocessing = 0;
		};
/* End PBXResourcesBuildPhase section */

/* Begin PBXSourcesBuildPhase section */
		1D60588E0D05DD3D006BFB54 /* Sources */ = {
			isa = PBXSourcesBuildPhase;
			buildActionMask = 2147483647;
			files = (
				1D60589B0D05DD56006BFB54 /* main.m in Sources */,
				1D3623260D0F684500981E51 /* MapAppDelegate.m in Sources */,
				21314A6111EFFA8C00ECA308 /* MapViewController.m in Sources */,
				211C2F9A11F04BC20003F933 /* MyAnnotation.m in Sources */,
				DDC78EB01447EE4B00DA9B60 /* MapDefines.m in Sources */,
				DD72E1EE144BC247000F0AD3 /* OKHotel.xcdatamodeld in Sources */,
				DD72E1F3144BC447000F0AD3 /* MADataStore.m in Sources */,
				DD8D7A64144BCFFC00E691E2 /* Hotel.m in Sources */,
				DD7514FE144E832000F39767 /* CombineImages.m in Sources */,
				DD1A715714501AC800418718 /* StreetView.m in Sources */,
				A923A83A1451BBF000EC5198 /* Reachability.m in Sources */,
				DD10B4FB1455351A00738471 /* SearchHotelQuery.m in Sources */,
			);
			runOnlyForDeploymentPostprocessing = 0;
		};
/* End PBXSourcesBuildPhase section */

/* Begin XCBuildConfiguration section */
		1D6058940D05DD3E006BFB54 /* Debug */ = {
			isa = XCBuildConfiguration;
			buildSettings = {
				ALWAYS_SEARCH_USER_PATHS = NO;
				COPY_PHASE_STRIP = NO;
				GCC_DYNAMIC_NO_PIC = NO;
				GCC_OPTIMIZATION_LEVEL = 0;
				GCC_PRECOMPILE_PREFIX_HEADER = YES;
				GCC_PREFIX_HEADER = Map_Prefix.pch;
				GCC_VERSION = com.apple.compilers.llvm.clang.1_0;
				INFOPLIST_FILE = "Map-Info.plist";
				PRODUCT_NAME = Map;
			};
			name = Debug;
		};
		1D6058950D05DD3E006BFB54 /* Release */ = {
			isa = XCBuildConfiguration;
			buildSettings = {
				ALWAYS_SEARCH_USER_PATHS = NO;
				COPY_PHASE_STRIP = YES;
				GCC_PRECOMPILE_PREFIX_HEADER = YES;
				GCC_PREFIX_HEADER = Map_Prefix.pch;
				GCC_VERSION = com.apple.compilers.llvm.clang.1_0;
				INFOPLIST_FILE = "Map-Info.plist";
				PRODUCT_NAME = Map;
				VALIDATE_PRODUCT = YES;
			};
			name = Release;
		};
		C01FCF4F08A954540054247B /* Debug */ = {
			isa = XCBuildConfiguration;
			buildSettings = {
				ARCHS = "$(ARCHS_STANDARD_32_BIT)";
				CODE_SIGN_IDENTITY = "iPhone Developer";
				"CODE_SIGN_IDENTITY[sdk=*]" = "iPhone Developer";
				GCC_C_LANGUAGE_STANDARD = c99;
				GCC_WARN_ABOUT_RETURN_TYPE = YES;
				GCC_WARN_UNUSED_VARIABLE = YES;
				IPHONEOS_DEPLOYMENT_TARGET = 4.3;
				PROVISIONING_PROFILE = "";
				"PROVISIONING_PROFILE[sdk=*]" = "";
				SDKROOT = iphoneos;
			};
			name = Debug;
		};
		C01FCF5008A954540054247B /* Release */ = {
			isa = XCBuildConfiguration;
			buildSettings = {
				ARCHS = "$(ARCHS_STANDARD_32_BIT)";
				CODE_SIGN_IDENTITY = "iPhone Developer";
				"CODE_SIGN_IDENTITY[sdk=iphoneos*]" = "iPhone Developer";
				GCC_C_LANGUAGE_STANDARD = c99;
				GCC_WARN_ABOUT_RETURN_TYPE = YES;
				GCC_WARN_UNUSED_VARIABLE = YES;
				IPHONEOS_DEPLOYMENT_TARGET = 4.3;
				OTHER_CFLAGS = "-DNS_BLOCK_ASSERTIONS=1";
				PROVISIONING_PROFILE = "";
				"PROVISIONING_PROFILE[sdk=iphoneos*]" = "";
				SDKROOT = iphoneos;
			};
			name = Release;
		};
/* End XCBuildConfiguration section */

/* Begin XCConfigurationList section */
		1D6058960D05DD3E006BFB54 /* Build configuration list for PBXNativeTarget "Map" */ = {
			isa = XCConfigurationList;
			buildConfigurations = (
				1D6058940D05DD3E006BFB54 /* Debug */,
				1D6058950D05DD3E006BFB54 /* Release */,
			);
			defaultConfigurationIsVisible = 0;
			defaultConfigurationName = Release;
		};
		C01FCF4E08A954540054247B /* Build configuration list for PBXProject "Map" */ = {
			isa = XCConfigurationList;
			buildConfigurations = (
				C01FCF4F08A954540054247B /* Debug */,
				C01FCF5008A954540054247B /* Release */,
			);
			defaultConfigurationIsVisible = 0;
			defaultConfigurationName = Release;
		};
/* End XCConfigurationList section */

/* Begin XCVersionGroup section */
		DD72E1EC144BC247000F0AD3 /* OKHotel.xcdatamodeld */ = {
			isa = XCVersionGroup;
			children = (
				DD7514F6144E5B0400F39767 /* OKHotel 4.xcdatamodel */,
				DD72E1F0144BC415000F0AD3 /* OKHotel 2.xcdatamodel */,
				DD1A9A1E144D105100CB6ACE /* OKHotel 3.xcdatamodel */,
				DD72E1ED144BC247000F0AD3 /* OKHotel.xcdatamodel */,
			);
			currentVersion = DD72E1F0144BC415000F0AD3 /* OKHotel 2.xcdatamodel */;
			path = OKHotel.xcdatamodeld;
			sourceTree = "<group>";
			versionGroupType = wrapper.xcdatamodel;
		};
/* End XCVersionGroup section */
	};
	rootObject = 29B97313FDCFA39411CA2CEA /* Project object */;
}
